// !$*UTF8*$!
{
	archiveVersion = 1;
	classes = {
	};
	objectVersion = 55;
	objects = {

/* Begin PBXBuildFile section */
		4521DF722684BF7400D3F115 /* WhereApp.swift in Sources */ = {isa = PBXBuildFile; fileRef = 4521DF712684BF7400D3F115 /* WhereApp.swift */; };
		4521DF742684BF7400D3F115 /* ContentView.swift in Sources */ = {isa = PBXBuildFile; fileRef = 4521DF732684BF7400D3F115 /* ContentView.swift */; };
		4521DF762684BF7500D3F115 /* Assets.xcassets in Resources */ = {isa = PBXBuildFile; fileRef = 4521DF752684BF7500D3F115 /* Assets.xcassets */; };
		4521DF792684BF7500D3F115 /* Preview Assets.xcassets in Resources */ = {isa = PBXBuildFile; fileRef = 4521DF782684BF7500D3F115 /* Preview Assets.xcassets */; };
		4521DF7B2684BF7500D3F115 /* Persistence.swift in Sources */ = {isa = PBXBuildFile; fileRef = 4521DF7A2684BF7500D3F115 /* Persistence.swift */; };
		4521DF7E2684BF7500D3F115 /* Where.xcdatamodeld in Sources */ = {isa = PBXBuildFile; fileRef = 4521DF7C2684BF7500D3F115 /* Where.xcdatamodeld */; };
		454E24DF2684C93300EEF0A4 /* SearchBar.swift in Sources */ = {isa = PBXBuildFile; fileRef = 454E24DE2684C93300EEF0A4 /* SearchBar.swift */; };
		454E24E426856B4100EEF0A4 /* FolderView.swift in Sources */ = {isa = PBXBuildFile; fileRef = 454E24E326856B4100EEF0A4 /* FolderView.swift */; };
		454E24E826856D7100EEF0A4 /* Folder.swift in Sources */ = {isa = PBXBuildFile; fileRef = 454E24E726856D7100EEF0A4 /* Folder.swift */; };
		454E24EA2685C67D00EEF0A4 /* PhotoPicker.swift in Sources */ = {isa = PBXBuildFile; fileRef = 454E24E92685C67D00EEF0A4 /* PhotoPicker.swift */; };
		454E24EC2685C6A900EEF0A4 /* EditPhotosView.swift in Sources */ = {isa = PBXBuildFile; fileRef = 454E24EB2685C6A900EEF0A4 /* EditPhotosView.swift */; };
		454E24EE2685D08B00EEF0A4 /* Photo.swift in Sources */ = {isa = PBXBuildFile; fileRef = 454E24ED2685D08B00EEF0A4 /* Photo.swift */; };
		454E24F02686022100EEF0A4 /* PhotoView.swift in Sources */ = {isa = PBXBuildFile; fileRef = 454E24EF2686022100EEF0A4 /* PhotoView.swift */; };
/* End PBXBuildFile section */

/* Begin PBXFileReference section */
		4521DF6E2684BF7400D3F115 /* Where.app */ = {isa = PBXFileReference; explicitFileType = wrapper.application; includeInIndex = 0; path = Where.app; sourceTree = BUILT_PRODUCTS_DIR; };
		4521DF712684BF7400D3F115 /* WhereApp.swift */ = {isa = PBXFileReference; lastKnownFileType = sourcecode.swift; path = WhereApp.swift; sourceTree = "<group>"; };
		4521DF732684BF7400D3F115 /* ContentView.swift */ = {isa = PBXFileReference; lastKnownFileType = sourcecode.swift; path = ContentView.swift; sourceTree = "<group>"; };
		4521DF752684BF7500D3F115 /* Assets.xcassets */ = {isa = PBXFileReference; lastKnownFileType = folder.assetcatalog; path = Assets.xcassets; sourceTree = "<group>"; };
		4521DF782684BF7500D3F115 /* Preview Assets.xcassets */ = {isa = PBXFileReference; lastKnownFileType = folder.assetcatalog; path = "Preview Assets.xcassets"; sourceTree = "<group>"; };
		4521DF7A2684BF7500D3F115 /* Persistence.swift */ = {isa = PBXFileReference; lastKnownFileType = sourcecode.swift; path = Persistence.swift; sourceTree = "<group>"; };
		4521DF7D2684BF7500D3F115 /* Where.xcdatamodel */ = {isa = PBXFileReference; lastKnownFileType = wrapper.xcdatamodel; path = Where.xcdatamodel; sourceTree = "<group>"; };
		454E24DE2684C93300EEF0A4 /* SearchBar.swift */ = {isa = PBXFileReference; lastKnownFileType = sourcecode.swift; path = SearchBar.swift; sourceTree = "<group>"; };
		454E24E326856B4100EEF0A4 /* FolderView.swift */ = {isa = PBXFileReference; lastKnownFileType = sourcecode.swift; path = FolderView.swift; sourceTree = "<group>"; };
		454E24E726856D7100EEF0A4 /* Folder.swift */ = {isa = PBXFileReference; lastKnownFileType = sourcecode.swift; path = Folder.swift; sourceTree = "<group>"; };
		454E24E92685C67D00EEF0A4 /* PhotoPicker.swift */ = {isa = PBXFileReference; lastKnownFileType = sourcecode.swift; path = PhotoPicker.swift; sourceTree = "<group>"; };
		454E24EB2685C6A900EEF0A4 /* EditPhotosView.swift */ = {isa = PBXFileReference; lastKnownFileType = sourcecode.swift; path = EditPhotosView.swift; sourceTree = "<group>"; };
		454E24ED2685D08B00EEF0A4 /* Photo.swift */ = {isa = PBXFileReference; lastKnownFileType = sourcecode.swift; path = Photo.swift; sourceTree = "<group>"; };
		454E24EF2686022100EEF0A4 /* PhotoView.swift */ = {isa = PBXFileReference; lastKnownFileType = sourcecode.swift; path = PhotoView.swift; sourceTree = "<group>"; };
/* End PBXFileReference section */

/* Begin PBXFrameworksBuildPhase section */
		4521DF6B2684BF7400D3F115 /* Frameworks */ = {
			isa = PBXFrameworksBuildPhase;
			buildActionMask = 2147483647;
			files = (
			);
			runOnlyForDeploymentPostprocessing = 0;
		};
/* End PBXFrameworksBuildPhase section */

/* Begin PBXGroup section */
		4521DF652684BF7400D3F115 = {
			isa = PBXGroup;
			children = (
				4521DF702684BF7400D3F115 /* Where */,
				4521DF6F2684BF7400D3F115 /* Products */,
			);
			sourceTree = "<group>";
		};
		4521DF6F2684BF7400D3F115 /* Products */ = {
			isa = PBXGroup;
			children = (
				4521DF6E2684BF7400D3F115 /* Where.app */,
			);
			name = Products;
			sourceTree = "<group>";
		};
		4521DF702684BF7400D3F115 /* Where */ = {
			isa = PBXGroup;
			children = (
				454E24E626856D6000EEF0A4 /* Model */,
				454E24E526856D4C00EEF0A4 /* View */,
				4521DF712684BF7400D3F115 /* WhereApp.swift */,
				4521DF732684BF7400D3F115 /* ContentView.swift */,
				4521DF752684BF7500D3F115 /* Assets.xcassets */,
				4521DF7A2684BF7500D3F115 /* Persistence.swift */,
				4521DF7C2684BF7500D3F115 /* Where.xcdatamodeld */,
				4521DF772684BF7500D3F115 /* Preview Content */,
			);
			path = Where;
			sourceTree = "<group>";
		};
		4521DF772684BF7500D3F115 /* Preview Content */ = {
			isa = PBXGroup;
			children = (
				4521DF782684BF7500D3F115 /* Preview Assets.xcassets */,
			);
			path = "Preview Content";
			sourceTree = "<group>";
		};
		454E24E526856D4C00EEF0A4 /* View */ = {
			isa = PBXGroup;
			children = (
				454E24DE2684C93300EEF0A4 /* SearchBar.swift */,
				454E24E326856B4100EEF0A4 /* FolderView.swift */,
				454E24EB2685C6A900EEF0A4 /* EditPhotosView.swift */,
				454E24EF2686022100EEF0A4 /* PhotoView.swift */,
			);
			path = View;
			sourceTree = "<group>";
		};
		454E24E626856D6000EEF0A4 /* Model */ = {
			isa = PBXGroup;
			children = (
				454E24E726856D7100EEF0A4 /* Folder.swift */,
				454E24E92685C67D00EEF0A4 /* PhotoPicker.swift */,
				454E24ED2685D08B00EEF0A4 /* Photo.swift */,
			);
			path = Model;
			sourceTree = "<group>";
		};
/* End PBXGroup section */

/* Begin PBXNativeTarget section */
		4521DF6D2684BF7400D3F115 /* Where */ = {
			isa = PBXNativeTarget;
			buildConfigurationList = 4521DF812684BF7500D3F115 /* Build configuration list for PBXNativeTarget "Where" */;
			buildPhases = (
				4521DF6A2684BF7400D3F115 /* Sources */,
				4521DF6B2684BF7400D3F115 /* Frameworks */,
				4521DF6C2684BF7400D3F115 /* Resources */,
			);
			buildRules = (
			);
			dependencies = (
			);
			name = Where;
			productName = Where;
			productReference = 4521DF6E2684BF7400D3F115 /* Where.app */;
			productType = "com.apple.product-type.application";
		};
/* End PBXNativeTarget section */

/* Begin PBXProject section */
		4521DF662684BF7400D3F115 /* Project object */ = {
			isa = PBXProject;
			attributes = {
				BuildIndependentTargetsInParallel = 1;
				LastSwiftUpdateCheck = 1300;
				LastUpgradeCheck = 1300;
				TargetAttributes = {
					4521DF6D2684BF7400D3F115 = {
						CreatedOnToolsVersion = 13.0;
					};
				};
			};
			buildConfigurationList = 4521DF692684BF7400D3F115 /* Build configuration list for PBXProject "Where" */;
			compatibilityVersion = "Xcode 13.0";
			developmentRegion = en;
			hasScannedForEncodings = 0;
			knownRegions = (
				en,
				Base,
			);
			mainGroup = 4521DF652684BF7400D3F115;
			productRefGroup = 4521DF6F2684BF7400D3F115 /* Products */;
			projectDirPath = "";
			projectRoot = "";
			targets = (
				4521DF6D2684BF7400D3F115 /* Where */,
			);
		};
/* End PBXProject section */

/* Begin PBXResourcesBuildPhase section */
		4521DF6C2684BF7400D3F115 /* Resources */ = {
			isa = PBXResourcesBuildPhase;
			buildActionMask = 2147483647;
			files = (
				4521DF792684BF7500D3F115 /* Preview Assets.xcassets in Resources */,
				4521DF762684BF7500D3F115 /* Assets.xcassets in Resources */,
			);
			runOnlyForDeploymentPostprocessing = 0;
		};
/* End PBXResourcesBuildPhase section */

/* Begin PBXSourcesBuildPhase section */
		4521DF6A2684BF7400D3F115 /* Sources */ = {
			isa = PBXSourcesBuildPhase;
			buildActionMask = 2147483647;
			files = (
				4521DF7B2684BF7500D3F115 /* Persistence.swift in Sources */,
				454E24E426856B4100EEF0A4 /* FolderView.swift in Sources */,
				4521DF7E2684BF7500D3F115 /* Where.xcdatamodeld in Sources */,
				454E24EC2685C6A900EEF0A4 /* EditPhotosView.swift in Sources */,
				454E24EE2685D08B00EEF0A4 /* Photo.swift in Sources */,
				454E24F02686022100EEF0A4 /* PhotoView.swift in Sources */,
				4521DF742684BF7400D3F115 /* ContentView.swift in Sources */,
				454E24EA2685C67D00EEF0A4 /* PhotoPicker.swift in Sources */,
				4521DF722684BF7400D3F115 /* WhereApp.swift in Sources */,
				454E24DF2684C93300EEF0A4 /* SearchBar.swift in Sources */,
				454E24E826856D7100EEF0A4 /* Folder.swift in Sources */,
			);
			runOnlyForDeploymentPostprocessing = 0;
		};
/* End PBXSourcesBuildPhase section */

/* Begin XCBuildConfiguration section */
		4521DF7F2684BF7500D3F115 /* Debug */ = {
			isa = XCBuildConfiguration;
			buildSettings = {
				ALWAYS_SEARCH_USER_PATHS = NO;
				CLANG_ANALYZER_NONNULL = YES;
				CLANG_ANALYZER_NUMBER_OBJECT_CONVERSION = YES_AGGRESSIVE;
				CLANG_CXX_LANGUAGE_STANDARD = "gnu++14";
				CLANG_CXX_LIBRARY = "libc++";
				CLANG_ENABLE_MODULES = YES;
				CLANG_ENABLE_OBJC_ARC = YES;
				CLANG_ENABLE_OBJC_WEAK = YES;
				CLANG_WARN_BLOCK_CAPTURE_AUTORELEASING = YES;
				CLANG_WARN_BOOL_CONVERSION = YES;
				CLANG_WARN_COMMA = YES;
				CLANG_WARN_CONSTANT_CONVERSION = YES;
				CLANG_WARN_DEPRECATED_OBJC_IMPLEMENTATIONS = YES;
				CLANG_WARN_DIRECT_OBJC_ISA_USAGE = YES_ERROR;
				CLANG_WARN_DOCUMENTATION_COMMENTS = YES;
				CLANG_WARN_EMPTY_BODY = YES;
				CLANG_WARN_ENUM_CONVERSION = YES;
				CLANG_WARN_INFINITE_RECURSION = YES;
				CLANG_WARN_INT_CONVERSION = YES;
				CLANG_WARN_NON_LITERAL_NULL_CONVERSION = YES;
				CLANG_WARN_OBJC_IMPLICIT_RETAIN_SELF = YES;
				CLANG_WARN_OBJC_LITERAL_CONVERSION = YES;
				CLANG_WARN_OBJC_ROOT_CLASS = YES_ERROR;
				CLANG_WARN_QUOTED_INCLUDE_IN_FRAMEWORK_HEADER = YES;
				CLANG_WARN_RANGE_LOOP_ANALYSIS = YES;
				CLANG_WARN_STRICT_PROTOTYPES = YES;
				CLANG_WARN_SUSPICIOUS_MOVE = YES;
				CLANG_WARN_UNGUARDED_AVAILABILITY = YES_AGGRESSIVE;
				CLANG_WARN_UNREACHABLE_CODE = YES;
				CLANG_WARN__DUPLICATE_METHOD_MATCH = YES;
				COPY_PHASE_STRIP = NO;
				DEBUG_INFORMATION_FORMAT = dwarf;
				ENABLE_STRICT_OBJC_MSGSEND = YES;
				ENABLE_TESTABILITY = YES;
				GCC_C_LANGUAGE_STANDARD = gnu11;
				GCC_DYNAMIC_NO_PIC = NO;
				GCC_NO_COMMON_BLOCKS = YES;
				GCC_OPTIMIZATION_LEVEL = 0;
				GCC_PREPROCESSOR_DEFINITIONS = (
					"DEBUG=1",
					"$(inherited)",
				);
				GCC_WARN_64_TO_32_BIT_CONVERSION = YES;
				GCC_WARN_ABOUT_RETURN_TYPE = YES_ERROR;
				GCC_WARN_UNDECLARED_SELECTOR = YES;
				GCC_WARN_UNINITIALIZED_AUTOS = YES_AGGRESSIVE;
				GCC_WARN_UNUSED_FUNCTION = YES;
				GCC_WARN_UNUSED_VARIABLE = YES;
				IPHONEOS_DEPLOYMENT_TARGET = 15.0;
				MTL_ENABLE_DEBUG_INFO = INCLUDE_SOURCE;
				MTL_FAST_MATH = YES;
				ONLY_ACTIVE_ARCH = YES;
				SDKROOT = iphoneos;
				SWIFT_ACTIVE_COMPILATION_CONDITIONS = DEBUG;
				SWIFT_OPTIMIZATION_LEVEL = "-Onone";
			};
			name = Debug;
		};
		4521DF802684BF7500D3F115 /* Release */ = {
			isa = XCBuildConfiguration;
			buildSettings = {
				ALWAYS_SEARCH_USER_PATHS = NO;
				CLANG_ANALYZER_NONNULL = YES;
				CLANG_ANALYZER_NUMBER_OBJECT_CONVERSION = YES_AGGRESSIVE;
				CLANG_CXX_LANGUAGE_STANDARD = "gnu++14";
				CLANG_CXX_LIBRARY = "libc++";
				CLANG_ENABLE_MODULES = YES;
				CLANG_ENABLE_OBJC_ARC = YES;
				CLANG_ENABLE_OBJC_WEAK = YES;
				CLANG_WARN_BLOCK_CAPTURE_AUTORELEASING = YES;
				CLANG_WARN_BOOL_CONVERSION = YES;
				CLANG_WARN_COMMA = YES;
				CLANG_WARN_CONSTANT_CONVERSION = YES;
				CLANG_WARN_DEPRECATED_OBJC_IMPLEMENTATIONS = YES;
				CLANG_WARN_DIRECT_OBJC_ISA_USAGE = YES_ERROR;
				CLANG_WARN_DOCUMENTATION_COMMENTS = YES;
				CLANG_WARN_EMPTY_BODY = YES;
				CLANG_WARN_ENUM_CONVERSION = YES;
				CLANG_WARN_INFINITE_RECURSION = YES;
				CLANG_WARN_INT_CONVERSION = YES;
				CLANG_WARN_NON_LITERAL_NULL_CONVERSION = YES;
				CLANG_WARN_OBJC_IMPLICIT_RETAIN_SELF = YES;
				CLANG_WARN_OBJC_LITERAL_CONVERSION = YES;
				CLANG_WARN_OBJC_ROOT_CLASS = YES_ERROR;
				CLANG_WARN_QUOTED_INCLUDE_IN_FRAMEWORK_HEADER = YES;
				CLANG_WARN_RANGE_LOOP_ANALYSIS = YES;
				CLANG_WARN_STRICT_PROTOTYPES = YES;
				CLANG_WARN_SUSPICIOUS_MOVE = YES;
				CLANG_WARN_UNGUARDED_AVAILABILITY = YES_AGGRESSIVE;
				CLANG_WARN_UNREACHABLE_CODE = YES;
				CLANG_WARN__DUPLICATE_METHOD_MATCH = YES;
				COPY_PHASE_STRIP = NO;
				DEBUG_INFORMATION_FORMAT = "dwarf-with-dsym";
				ENABLE_NS_ASSERTIONS = NO;
				ENABLE_STRICT_OBJC_MSGSEND = YES;
				GCC_C_LANGUAGE_STANDARD = gnu11;
				GCC_NO_COMMON_BLOCKS = YES;
				GCC_WARN_64_TO_32_BIT_CONVERSION = YES;
				GCC_WARN_ABOUT_RETURN_TYPE = YES_ERROR;
				GCC_WARN_UNDECLARED_SELECTOR = YES;
				GCC_WARN_UNINITIALIZED_AUTOS = YES_AGGRESSIVE;
				GCC_WARN_UNUSED_FUNCTION = YES;
				GCC_WARN_UNUSED_VARIABLE = YES;
				IPHONEOS_DEPLOYMENT_TARGET = 15.0;
				MTL_ENABLE_DEBUG_INFO = NO;
				MTL_FAST_MATH = YES;
				SDKROOT = iphoneos;
				SWIFT_COMPILATION_MODE = wholemodule;
				SWIFT_OPTIMIZATION_LEVEL = "-O";
				VALIDATE_PRODUCT = YES;
			};
			name = Release;
		};
		4521DF822684BF7500D3F115 /* Debug */ = {
			isa = XCBuildConfiguration;
			buildSettings = {
				ASSETCATALOG_COMPILER_APPICON_NAME = AppIcon;
				ASSETCATALOG_COMPILER_GLOBAL_ACCENT_COLOR_NAME = AccentColor;
				CODE_SIGN_STYLE = Automatic;
				CURRENT_PROJECT_VERSION = 1;
				DEVELOPMENT_ASSET_PATHS = "\"Where/Preview Content\"";
				DEVELOPMENT_TEAM = 4B6Y8QCC4J;
				ENABLE_PREVIEWS = YES;
				GENERATE_INFOPLIST_FILE = YES;
				INFOPLIST_KEY_UIApplicationSceneManifest_Generation = YES;
				INFOPLIST_KEY_UIApplicationSupportsIndirectInputEvents = YES;
				INFOPLIST_KEY_UILaunchScreen_Generation = YES;
				INFOPLIST_KEY_UISupportedInterfaceOrientations_iPad = "UIInterfaceOrientationPortrait UIInterfaceOrientationPortraitUpsideDown UIInterfaceOrientationLandscapeLeft UIInterfaceOrientationLandscapeRight";
				INFOPLIST_KEY_UISupportedInterfaceOrientations_iPhone = "UIInterfaceOrientationPortrait UIInterfaceOrientationLandscapeLeft UIInterfaceOrientationLandscapeRight";
				IPHONEOS_DEPLOYMENT_TARGET = 14.0;
				LD_RUNPATH_SEARCH_PATHS = (
					"$(inherited)",
					"@executable_path/Frameworks",
				);
				MARKETING_VERSION = 1.0;
				PRODUCT_BUNDLE_IDENTIFIER = com.example.evaderfati.Where;
				PRODUCT_NAME = "$(TARGET_NAME)";
				SWIFT_EMIT_LOC_STRINGS = YES;
				SWIFT_VERSION = 5.0;
				TARGETED_DEVICE_FAMILY = "1,2";
			};
			name = Debug;
		};
		4521DF832684BF7500D3F115 /* Release */ = {
			isa = XCBuildConfiguration;
			buildSettings = {
				ASSETCATALOG_COMPILER_APPICON_NAME = AppIcon;
				ASSETCATALOG_COMPILER_GLOBAL_ACCENT_COLOR_NAME = AccentColor;
				CODE_SIGN_STYLE = Automatic;
				CURRENT_PROJECT_VERSION = 1;
				DEVELOPMENT_ASSET_PATHS = "\"Where/Preview Content\"";
				DEVELOPMENT_TEAM = 4B6Y8QCC4J;
				ENABLE_PREVIEWS = YES;
				GENERATE_INFOPLIST_FILE = YES;
				INFOPLIST_KEY_UIApplicationSceneManifest_Generation = YES;
				INFOPLIST_KEY_UIApplicationSupportsIndirectInputEvents = YES;
				INFOPLIST_KEY_UILaunchScreen_Generation = YES;
				INFOPLIST_KEY_UISupportedInterfaceOrientations_iPad = "UIInterfaceOrientationPortrait UIInterfaceOrientationPortraitUpsideDown UIInterfaceOrientationLandscapeLeft UIInterfaceOrientationLandscapeRight";
				INFOPLIST_KEY_UISupportedInterfaceOrientations_iPhone = "UIInterfaceOrientationPortrait UIInterfaceOrientationLandscapeLeft UIInterfaceOrientationLandscapeRight";
				IPHONEOS_DEPLOYMENT_TARGET = 14.0;
				LD_RUNPATH_SEARCH_PATHS = (
					"$(inherited)",
					"@executable_path/Frameworks",
				);
				MARKETING_VERSION = 1.0;
				PRODUCT_BUNDLE_IDENTIFIER = com.example.evaderfati.Where;
				PRODUCT_NAME = "$(TARGET_NAME)";
				SWIFT_EMIT_LOC_STRINGS = YES;
				SWIFT_VERSION = 5.0;
				TARGETED_DEVICE_FAMILY = "1,2";
			};
			name = Release;
		};
/* End XCBuildConfiguration section */

/* Begin XCConfigurationList section */
		4521DF692684BF7400D3F115 /* Build configuration list for PBXProject "Where" */ = {
			isa = XCConfigurationList;
			buildConfigurations = (
				4521DF7F2684BF7500D3F115 /* Debug */,
				4521DF802684BF7500D3F115 /* Release */,
			);
			defaultConfigurationIsVisible = 0;
			defaultConfigurationName = Release;
		};
		4521DF812684BF7500D3F115 /* Build configuration list for PBXNativeTarget "Where" */ = {
			isa = XCConfigurationList;
			buildConfigurations = (
				4521DF822684BF7500D3F115 /* Debug */,
				4521DF832684BF7500D3F115 /* Release */,
			);
			defaultConfigurationIsVisible = 0;
			defaultConfigurationName = Release;
		};
/* End XCConfigurationList section */

/* Begin XCVersionGroup section */
		4521DF7C2684BF7500D3F115 /* Where.xcdatamodeld */ = {
			isa = XCVersionGroup;
			children = (
				4521DF7D2684BF7500D3F115 /* Where.xcdatamodel */,
			);
			currentVersion = 4521DF7D2684BF7500D3F115 /* Where.xcdatamodel */;
			path = Where.xcdatamodeld;
			sourceTree = "<group>";
			versionGroupType = wrapper.xcdatamodel;
		};
/* End XCVersionGroup section */
	};
	rootObject = 4521DF662684BF7400D3F115 /* Project object */;
}
